# Code generated by scarb DO NOT EDIT.
version = 1

[[package]]
name = "ctf"
version = "0.1.0"
dependencies = [
 "openzeppelin",
]

[[package]]
name = "openzeppelin"
version = "0.9.0"
source = "git+https://github.com/OpenZeppelin/cairo-contracts.git?branch=main#7684fb0ca81a718d262145be6722e6f9f9493c54"
